// !$*UTF8*$!
{
	archiveVersion = 1;
	classes = {
	};
	objectVersion = 48;
	objects = {

/* Begin PBXBuildFile section */
		68BAF3C8F0C16257E6D304D1 /* Pods_TumblrTests.framework in Frameworks */ = {isa = PBXBuildFile; fileRef = 087BD2B02FC0CB0F53B6B524 /* Pods_TumblrTests.framework */; };
		7DBC2F2C201D35DE008F6A30 /* AppDelegate.swift in Sources */ = {isa = PBXBuildFile; fileRef = 7DBC2F2B201D35DE008F6A30 /* AppDelegate.swift */; };
		7DBC2F31201D35DE008F6A30 /* Main.storyboard in Resources */ = {isa = PBXBuildFile; fileRef = 7DBC2F2F201D35DE008F6A30 /* Main.storyboard */; };
		7DBC2F33201D35DE008F6A30 /* Assets.xcassets in Resources */ = {isa = PBXBuildFile; fileRef = 7DBC2F32201D35DE008F6A30 /* Assets.xcassets */; };
		7DBC2F36201D35DE008F6A30 /* LaunchScreen.storyboard in Resources */ = {isa = PBXBuildFile; fileRef = 7DBC2F34201D35DE008F6A30 /* LaunchScreen.storyboard */; };
		7DBC2F41201D35DE008F6A30 /* TumblrTests.swift in Sources */ = {isa = PBXBuildFile; fileRef = 7DBC2F40201D35DE008F6A30 /* TumblrTests.swift */; };
		7DBC2F4C201D35DE008F6A30 /* TumblrUITests.swift in Sources */ = {isa = PBXBuildFile; fileRef = 7DBC2F4B201D35DE008F6A30 /* TumblrUITests.swift */; };
		7DBC2F5A201D3F2D008F6A30 /* PhotosViewController.swift in Sources */ = {isa = PBXBuildFile; fileRef = 7DBC2F59201D3F2D008F6A30 /* PhotosViewController.swift */; };
		7DBC2F5C201D4BFB008F6A30 /* PhotoCell.swift in Sources */ = {isa = PBXBuildFile; fileRef = 7DBC2F5B201D4BFB008F6A30 /* PhotoCell.swift */; };
		91F45348B9A9B251D6ED0B3A /* Pods_Tumblr.framework in Frameworks */ = {isa = PBXBuildFile; fileRef = F51325AD0D6D24CCF6CB006F /* Pods_Tumblr.framework */; };
		D2A2352B88A1C85D3A99CB51 /* Pods_TumblrUITests.framework in Frameworks */ = {isa = PBXBuildFile; fileRef = 1F5320C5D62E49BCCE9DD7E5 /* Pods_TumblrUITests.framework */; };
/* End PBXBuildFile section */

/* Begin PBXContainerItemProxy section */
		7DBC2F3D201D35DE008F6A30 /* PBXContainerItemProxy */ = {
			isa = PBXContainerItemProxy;
			containerPortal = 7DBC2F20201D35DE008F6A30 /* Project object */;
			proxyType = 1;
			remoteGlobalIDString = 7DBC2F27201D35DE008F6A30;
			remoteInfo = Tumblr;
		};
		7DBC2F48201D35DE008F6A30 /* PBXContainerItemProxy */ = {
			isa = PBXContainerItemProxy;
			containerPortal = 7DBC2F20201D35DE008F6A30 /* Project object */;
			proxyType = 1;
			remoteGlobalIDString = 7DBC2F27201D35DE008F6A30;
			remoteInfo = Tumblr;
		};
/* End PBXContainerItemProxy section */

/* Begin PBXFileReference section */
		01C9F1319DF7C51229C6D1B7 /* Pods-TumblrUITests.release.xcconfig */ = {isa = PBXFileReference; includeInIndex = 1; lastKnownFileType = text.xcconfig; name = "Pods-TumblrUITests.release.xcconfig"; path = "Pods/Target Support Files/Pods-TumblrUITests/Pods-TumblrUITests.release.xcconfig"; sourceTree = "<group>"; };
		087BD2B02FC0CB0F53B6B524 /* Pods_TumblrTests.framework */ = {isa = PBXFileReference; explicitFileType = wrapper.framework; includeInIndex = 0; path = Pods_TumblrTests.framework; sourceTree = BUILT_PRODUCTS_DIR; };
		14A461F53C880C0E14E5754D /* Pods-Tumblr.debug.xcconfig */ = {isa = PBXFileReference; includeInIndex = 1; lastKnownFileType = text.xcconfig; name = "Pods-Tumblr.debug.xcconfig"; path = "Pods/Target Support Files/Pods-Tumblr/Pods-Tumblr.debug.xcconfig"; sourceTree = "<group>"; };
		192A41DB0F9685B0B003CC74 /* Pods-TumblrTests.debug.xcconfig */ = {isa = PBXFileReference; includeInIndex = 1; lastKnownFileType = text.xcconfig; name = "Pods-TumblrTests.debug.xcconfig"; path = "Pods/Target Support Files/Pods-TumblrTests/Pods-TumblrTests.debug.xcconfig"; sourceTree = "<group>"; };
		1F5320C5D62E49BCCE9DD7E5 /* Pods_TumblrUITests.framework */ = {isa = PBXFileReference; explicitFileType = wrapper.framework; includeInIndex = 0; path = Pods_TumblrUITests.framework; sourceTree = BUILT_PRODUCTS_DIR; };
		3F13FAA5240D7901C803AC5B /* Pods-Tumblr.release.xcconfig */ = {isa = PBXFileReference; includeInIndex = 1; lastKnownFileType = text.xcconfig; name = "Pods-Tumblr.release.xcconfig"; path = "Pods/Target Support Files/Pods-Tumblr/Pods-Tumblr.release.xcconfig"; sourceTree = "<group>"; };
		7DBC2F28201D35DE008F6A30 /* Tumblr.app */ = {isa = PBXFileReference; explicitFileType = wrapper.application; includeInIndex = 0; path = Tumblr.app; sourceTree = BUILT_PRODUCTS_DIR; };
		7DBC2F2B201D35DE008F6A30 /* AppDelegate.swift */ = {isa = PBXFileReference; lastKnownFileType = sourcecode.swift; path = AppDelegate.swift; sourceTree = "<group>"; };
		7DBC2F30201D35DE008F6A30 /* Base */ = {isa = PBXFileReference; lastKnownFileType = file.storyboard; name = Base; path = Base.lproj/Main.storyboard; sourceTree = "<group>"; };
		7DBC2F32201D35DE008F6A30 /* Assets.xcassets */ = {isa = PBXFileReference; lastKnownFileType = folder.assetcatalog; path = Assets.xcassets; sourceTree = "<group>"; };
		7DBC2F35201D35DE008F6A30 /* Base */ = {isa = PBXFileReference; lastKnownFileType = file.storyboard; name = Base; path = Base.lproj/LaunchScreen.storyboard; sourceTree = "<group>"; };
		7DBC2F37201D35DE008F6A30 /* Info.plist */ = {isa = PBXFileReference; lastKnownFileType = text.plist.xml; path = Info.plist; sourceTree = "<group>"; };
		7DBC2F3C201D35DE008F6A30 /* TumblrTests.xctest */ = {isa = PBXFileReference; explicitFileType = wrapper.cfbundle; includeInIndex = 0; path = TumblrTests.xctest; sourceTree = BUILT_PRODUCTS_DIR; };
		7DBC2F40201D35DE008F6A30 /* TumblrTests.swift */ = {isa = PBXFileReference; lastKnownFileType = sourcecode.swift; path = TumblrTests.swift; sourceTree = "<group>"; };
		7DBC2F42201D35DE008F6A30 /* Info.plist */ = {isa = PBXFileReference; lastKnownFileType = text.plist.xml; path = Info.plist; sourceTree = "<group>"; };
		7DBC2F47201D35DE008F6A30 /* TumblrUITests.xctest */ = {isa = PBXFileReference; explicitFileType = wrapper.cfbundle; includeInIndex = 0; path = TumblrUITests.xctest; sourceTree = BUILT_PRODUCTS_DIR; };
		7DBC2F4B201D35DE008F6A30 /* TumblrUITests.swift */ = {isa = PBXFileReference; lastKnownFileType = sourcecode.swift; path = TumblrUITests.swift; sourceTree = "<group>"; };
		7DBC2F4D201D35DE008F6A30 /* Info.plist */ = {isa = PBXFileReference; lastKnownFileType = text.plist.xml; path = Info.plist; sourceTree = "<group>"; };
		7DBC2F59201D3F2D008F6A30 /* PhotosViewController.swift */ = {isa = PBXFileReference; lastKnownFileType = sourcecode.swift; path = PhotosViewController.swift; sourceTree = "<group>"; };
		7DBC2F5B201D4BFB008F6A30 /* PhotoCell.swift */ = {isa = PBXFileReference; lastKnownFileType = sourcecode.swift; path = PhotoCell.swift; sourceTree = "<group>"; };
		B92D02295BEF88289A935C9D /* Pods-TumblrUITests.debug.xcconfig */ = {isa = PBXFileReference; includeInIndex = 1; lastKnownFileType = text.xcconfig; name = "Pods-TumblrUITests.debug.xcconfig"; path = "Pods/Target Support Files/Pods-TumblrUITests/Pods-TumblrUITests.debug.xcconfig"; sourceTree = "<group>"; };
		CD1B9FCD2FA9019CB303CC85 /* Pods-TumblrTests.release.xcconfig */ = {isa = PBXFileReference; includeInIndex = 1; lastKnownFileType = text.xcconfig; name = "Pods-TumblrTests.release.xcconfig"; path = "Pods/Target Support Files/Pods-TumblrTests/Pods-TumblrTests.release.xcconfig"; sourceTree = "<group>"; };
		F51325AD0D6D24CCF6CB006F /* Pods_Tumblr.framework */ = {isa = PBXFileReference; explicitFileType = wrapper.framework; includeInIndex = 0; path = Pods_Tumblr.framework; sourceTree = BUILT_PRODUCTS_DIR; };
/* End PBXFileReference section */

/* Begin PBXFrameworksBuildPhase section */
		7DBC2F25201D35DE008F6A30 /* Frameworks */ = {
			isa = PBXFrameworksBuildPhase;
			buildActionMask = 2147483647;
			files = (
				91F45348B9A9B251D6ED0B3A /* Pods_Tumblr.framework in Frameworks */,
			);
			runOnlyForDeploymentPostprocessing = 0;
		};
		7DBC2F39201D35DE008F6A30 /* Frameworks */ = {
			isa = PBXFrameworksBuildPhase;
			buildActionMask = 2147483647;
			files = (
				68BAF3C8F0C16257E6D304D1 /* Pods_TumblrTests.framework in Frameworks */,
			);
			runOnlyForDeploymentPostprocessing = 0;
		};
		7DBC2F44201D35DE008F6A30 /* Frameworks */ = {
			isa = PBXFrameworksBuildPhase;
			buildActionMask = 2147483647;
			files = (
				D2A2352B88A1C85D3A99CB51 /* Pods_TumblrUITests.framework in Frameworks */,
			);
			runOnlyForDeploymentPostprocessing = 0;
		};
/* End PBXFrameworksBuildPhase section */

/* Begin PBXGroup section */
		04440A054250F4940D9A0A1B /* Frameworks */ = {
			isa = PBXGroup;
			children = (
				F51325AD0D6D24CCF6CB006F /* Pods_Tumblr.framework */,
				087BD2B02FC0CB0F53B6B524 /* Pods_TumblrTests.framework */,
				1F5320C5D62E49BCCE9DD7E5 /* Pods_TumblrUITests.framework */,
			);
			name = Frameworks;
			sourceTree = "<group>";
		};
		7DBC2F1F201D35DE008F6A30 = {
			isa = PBXGroup;
			children = (
				7DBC2F2A201D35DE008F6A30 /* Tumblr */,
				7DBC2F3F201D35DE008F6A30 /* TumblrTests */,
				7DBC2F4A201D35DE008F6A30 /* TumblrUITests */,
				7DBC2F29201D35DE008F6A30 /* Products */,
				ED570701482A12C94B05283C /* Pods */,
				04440A054250F4940D9A0A1B /* Frameworks */,
			);
			sourceTree = "<group>";
		};
		7DBC2F29201D35DE008F6A30 /* Products */ = {
			isa = PBXGroup;
			children = (
				7DBC2F28201D35DE008F6A30 /* Tumblr.app */,
				7DBC2F3C201D35DE008F6A30 /* TumblrTests.xctest */,
				7DBC2F47201D35DE008F6A30 /* TumblrUITests.xctest */,
			);
			name = Products;
			sourceTree = "<group>";
		};
		7DBC2F2A201D35DE008F6A30 /* Tumblr */ = {
			isa = PBXGroup;
			children = (
				7DBC2F2B201D35DE008F6A30 /* AppDelegate.swift */,
				7DBC2F2F201D35DE008F6A30 /* Main.storyboard */,
				7DBC2F32201D35DE008F6A30 /* Assets.xcassets */,
				7DBC2F34201D35DE008F6A30 /* LaunchScreen.storyboard */,
				7DBC2F37201D35DE008F6A30 /* Info.plist */,
				7DBC2F59201D3F2D008F6A30 /* PhotosViewController.swift */,
				7DBC2F5B201D4BFB008F6A30 /* PhotoCell.swift */,
			);
			path = Tumblr;
			sourceTree = "<group>";
		};
		7DBC2F3F201D35DE008F6A30 /* TumblrTests */ = {
			isa = PBXGroup;
			children = (
				7DBC2F40201D35DE008F6A30 /* TumblrTests.swift */,
				7DBC2F42201D35DE008F6A30 /* Info.plist */,
			);
			path = TumblrTests;
			sourceTree = "<group>";
		};
		7DBC2F4A201D35DE008F6A30 /* TumblrUITests */ = {
			isa = PBXGroup;
			children = (
				7DBC2F4B201D35DE008F6A30 /* TumblrUITests.swift */,
				7DBC2F4D201D35DE008F6A30 /* Info.plist */,
			);
			path = TumblrUITests;
			sourceTree = "<group>";
		};
		ED570701482A12C94B05283C /* Pods */ = {
			isa = PBXGroup;
			children = (
				14A461F53C880C0E14E5754D /* Pods-Tumblr.debug.xcconfig */,
				3F13FAA5240D7901C803AC5B /* Pods-Tumblr.release.xcconfig */,
				192A41DB0F9685B0B003CC74 /* Pods-TumblrTests.debug.xcconfig */,
				CD1B9FCD2FA9019CB303CC85 /* Pods-TumblrTests.release.xcconfig */,
				B92D02295BEF88289A935C9D /* Pods-TumblrUITests.debug.xcconfig */,
				01C9F1319DF7C51229C6D1B7 /* Pods-TumblrUITests.release.xcconfig */,
			);
			name = Pods;
			sourceTree = "<group>";
		};
/* End PBXGroup section */

/* Begin PBXNativeTarget section */
		7DBC2F27201D35DE008F6A30 /* Tumblr */ = {
			isa = PBXNativeTarget;
			buildConfigurationList = 7DBC2F50201D35DE008F6A30 /* Build configuration list for PBXNativeTarget "Tumblr" */;
			buildPhases = (
				1A63C4AE5CACB734213D9812 /* [CP] Check Pods Manifest.lock */,
				7DBC2F24201D35DE008F6A30 /* Sources */,
				7DBC2F25201D35DE008F6A30 /* Frameworks */,
				7DBC2F26201D35DE008F6A30 /* Resources */,
				BA0AA9424C1E44EF62A6A684 /* [CP] Embed Pods Frameworks */,
				9B3A4876203CC330406BACE3 /* [CP] Copy Pods Resources */,
			);
			buildRules = (
			);
			dependencies = (
			);
			name = Tumblr;
			productName = Tumblr;
			productReference = 7DBC2F28201D35DE008F6A30 /* Tumblr.app */;
			productType = "com.apple.product-type.application";
		};
		7DBC2F3B201D35DE008F6A30 /* TumblrTests */ = {
			isa = PBXNativeTarget;
			buildConfigurationList = 7DBC2F53201D35DE008F6A30 /* Build configuration list for PBXNativeTarget "TumblrTests" */;
			buildPhases = (
				27B0F76987E01A2EDAA2BB31 /* [CP] Check Pods Manifest.lock */,
				7DBC2F38201D35DE008F6A30 /* Sources */,
				7DBC2F39201D35DE008F6A30 /* Frameworks */,
				7DBC2F3A201D35DE008F6A30 /* Resources */,
				0238C6EA6CF9C8444481BB61 /* [CP] Embed Pods Frameworks */,
				C7EC5650D3BEA7EE456D486E /* [CP] Copy Pods Resources */,
			);
			buildRules = (
			);
			dependencies = (
				7DBC2F3E201D35DE008F6A30 /* PBXTargetDependency */,
			);
			name = TumblrTests;
			productName = TumblrTests;
			productReference = 7DBC2F3C201D35DE008F6A30 /* TumblrTests.xctest */;
			productType = "com.apple.product-type.bundle.unit-test";
		};
		7DBC2F46201D35DE008F6A30 /* TumblrUITests */ = {
			isa = PBXNativeTarget;
			buildConfigurationList = 7DBC2F56201D35DE008F6A30 /* Build configuration list for PBXNativeTarget "TumblrUITests" */;
			buildPhases = (
				C60A64A6FB5E6412CB22C71C /* [CP] Check Pods Manifest.lock */,
				7DBC2F43201D35DE008F6A30 /* Sources */,
				7DBC2F44201D35DE008F6A30 /* Frameworks */,
				7DBC2F45201D35DE008F6A30 /* Resources */,
				73E74B94F0DA454A14119E5C /* [CP] Embed Pods Frameworks */,
				9CF7686D96EC636AC5188099 /* [CP] Copy Pods Resources */,
			);
			buildRules = (
			);
			dependencies = (
				7DBC2F49201D35DE008F6A30 /* PBXTargetDependency */,
			);
			name = TumblrUITests;
			productName = TumblrUITests;
			productReference = 7DBC2F47201D35DE008F6A30 /* TumblrUITests.xctest */;
			productType = "com.apple.product-type.bundle.ui-testing";
		};
/* End PBXNativeTarget section */

/* Begin PBXProject section */
		7DBC2F20201D35DE008F6A30 /* Project object */ = {
			isa = PBXProject;
			attributes = {
				LastSwiftUpdateCheck = 0920;
				LastUpgradeCheck = 0920;
				ORGANIZATIONNAME = "Pranaya Adhikari";
				TargetAttributes = {
					7DBC2F27201D35DE008F6A30 = {
						CreatedOnToolsVersion = 9.2;
						ProvisioningStyle = Automatic;
					};
					7DBC2F3B201D35DE008F6A30 = {
						CreatedOnToolsVersion = 9.2;
						ProvisioningStyle = Automatic;
						TestTargetID = 7DBC2F27201D35DE008F6A30;
					};
					7DBC2F46201D35DE008F6A30 = {
						CreatedOnToolsVersion = 9.2;
						ProvisioningStyle = Automatic;
						TestTargetID = 7DBC2F27201D35DE008F6A30;
					};
				};
			};
			buildConfigurationList = 7DBC2F23201D35DE008F6A30 /* Build configuration list for PBXProject "Tumblr" */;
			compatibilityVersion = "Xcode 8.0";
			developmentRegion = en;
			hasScannedForEncodings = 0;
			knownRegions = (
				en,
				Base,
			);
			mainGroup = 7DBC2F1F201D35DE008F6A30;
			productRefGroup = 7DBC2F29201D35DE008F6A30 /* Products */;
			projectDirPath = "";
			projectRoot = "";
			targets = (
				7DBC2F27201D35DE008F6A30 /* Tumblr */,
				7DBC2F3B201D35DE008F6A30 /* TumblrTests */,
				7DBC2F46201D35DE008F6A30 /* TumblrUITests */,
			);
		};
/* End PBXProject section */

/* Begin PBXResourcesBuildPhase section */
		7DBC2F26201D35DE008F6A30 /* Resources */ = {
			isa = PBXResourcesBuildPhase;
			buildActionMask = 2147483647;
			files = (
				7DBC2F36201D35DE008F6A30 /* LaunchScreen.storyboard in Resources */,
				7DBC2F33201D35DE008F6A30 /* Assets.xcassets in Resources */,
				7DBC2F31201D35DE008F6A30 /* Main.storyboard in Resources */,
			);
			runOnlyForDeploymentPostprocessing = 0;
		};
		7DBC2F3A201D35DE008F6A30 /* Resources */ = {
			isa = PBXResourcesBuildPhase;
			buildActionMask = 2147483647;
			files = (
			);
			runOnlyForDeploymentPostprocessing = 0;
		};
		7DBC2F45201D35DE008F6A30 /* Resources */ = {
			isa = PBXResourcesBuildPhase;
			buildActionMask = 2147483647;
			files = (
			);
			runOnlyForDeploymentPostprocessing = 0;
		};
/* End PBXResourcesBuildPhase section */

/* Begin PBXShellScriptBuildPhase section */
		0238C6EA6CF9C8444481BB61 /* [CP] Embed Pods Frameworks */ = {
			isa = PBXShellScriptBuildPhase;
			buildActionMask = 2147483647;
			files = (
			);
			inputPaths = (
			);
			name = "[CP] Embed Pods Frameworks";
			outputPaths = (
			);
			runOnlyForDeploymentPostprocessing = 0;
			shellPath = /bin/sh;
			shellScript = "\"${SRCROOT}/Pods/Target Support Files/Pods-TumblrTests/Pods-TumblrTests-frameworks.sh\"\n";
			showEnvVarsInLog = 0;
		};
		1A63C4AE5CACB734213D9812 /* [CP] Check Pods Manifest.lock */ = {
			isa = PBXShellScriptBuildPhase;
			buildActionMask = 2147483647;
			files = (
			);
			inputPaths = (
				"${PODS_PODFILE_DIR_PATH}/Podfile.lock",
				"${PODS_ROOT}/Manifest.lock",
			);
			name = "[CP] Check Pods Manifest.lock";
			outputPaths = (
				"$(DERIVED_FILE_DIR)/Pods-Tumblr-checkManifestLockResult.txt",
			);
			runOnlyForDeploymentPostprocessing = 0;
			shellPath = /bin/sh;
			shellScript = "diff \"${PODS_PODFILE_DIR_PATH}/Podfile.lock\" \"${PODS_ROOT}/Manifest.lock\" > /dev/null\nif [ $? != 0 ] ; then\n    # print error to STDERR\n    echo \"error: The sandbox is not in sync with the Podfile.lock. Run 'pod install' or update your CocoaPods installation.\" >&2\n    exit 1\nfi\n# This output is used by Xcode 'outputs' to avoid re-running this script phase.\necho \"SUCCESS\" > \"${SCRIPT_OUTPUT_FILE_0}\"\n";
			showEnvVarsInLog = 0;
		};
		27B0F76987E01A2EDAA2BB31 /* [CP] Check Pods Manifest.lock */ = {
			isa = PBXShellScriptBuildPhase;
			buildActionMask = 2147483647;
			files = (
			);
			inputPaths = (
				"${PODS_PODFILE_DIR_PATH}/Podfile.lock",
				"${PODS_ROOT}/Manifest.lock",
			);
			name = "[CP] Check Pods Manifest.lock";
			outputPaths = (
				"$(DERIVED_FILE_DIR)/Pods-TumblrTests-checkManifestLockResult.txt",
			);
			runOnlyForDeploymentPostprocessing = 0;
			shellPath = /bin/sh;
			shellScript = "diff \"${PODS_PODFILE_DIR_PATH}/Podfile.lock\" \"${PODS_ROOT}/Manifest.lock\" > /dev/null\nif [ $? != 0 ] ; then\n    # print error to STDERR\n    echo \"error: The sandbox is not in sync with the Podfile.lock. Run 'pod install' or update your CocoaPods installation.\" >&2\n    exit 1\nfi\n# This output is used by Xcode 'outputs' to avoid re-running this script phase.\necho \"SUCCESS\" > \"${SCRIPT_OUTPUT_FILE_0}\"\n";
			showEnvVarsInLog = 0;
		};
		73E74B94F0DA454A14119E5C /* [CP] Embed Pods Frameworks */ = {
			isa = PBXShellScriptBuildPhase;
			buildActionMask = 2147483647;
			files = (
			);
			inputPaths = (
			);
			name = "[CP] Embed Pods Frameworks";
			outputPaths = (
			);
			runOnlyForDeploymentPostprocessing = 0;
			shellPath = /bin/sh;
			shellScript = "\"${SRCROOT}/Pods/Target Support Files/Pods-TumblrUITests/Pods-TumblrUITests-frameworks.sh\"\n";
			showEnvVarsInLog = 0;
		};
		9B3A4876203CC330406BACE3 /* [CP] Copy Pods Resources */ = {
			isa = PBXShellScriptBuildPhase;
			buildActionMask = 2147483647;
			files = (
			);
			inputPaths = (
			);
			name = "[CP] Copy Pods Resources";
			outputPaths = (
			);
			runOnlyForDeploymentPostprocessing = 0;
			shellPath = /bin/sh;
			shellScript = "\"${SRCROOT}/Pods/Target Support Files/Pods-Tumblr/Pods-Tumblr-resources.sh\"\n";
			showEnvVarsInLog = 0;
		};
		9CF7686D96EC636AC5188099 /* [CP] Copy Pods Resources */ = {
			isa = PBXShellScriptBuildPhase;
			buildActionMask = 2147483647;
			files = (
			);
			inputPaths = (
			);
			name = "[CP] Copy Pods Resources";
			outputPaths = (
			);
			runOnlyForDeploymentPostprocessing = 0;
			shellPath = /bin/sh;
			shellScript = "\"${SRCROOT}/Pods/Target Support Files/Pods-TumblrUITests/Pods-TumblrUITests-resources.sh\"\n";
			showEnvVarsInLog = 0;
		};
		BA0AA9424C1E44EF62A6A684 /* [CP] Embed Pods Frameworks */ = {
			isa = PBXShellScriptBuildPhase;
			buildActionMask = 2147483647;
			files = (
			);
			inputPaths = (
				"${SRCROOT}/Pods/Target Support Files/Pods-Tumblr/Pods-Tumblr-frameworks.sh",
				"${BUILT_PRODUCTS_DIR}/Alamofire/Alamofire.framework",
				"${BUILT_PRODUCTS_DIR}/AlamofireImage/AlamofireImage.framework",
			);
			name = "[CP] Embed Pods Frameworks";
			outputPaths = (
				"${TARGET_BUILD_DIR}/${FRAMEWORKS_FOLDER_PATH}/Alamofire.framework",
				"${TARGET_BUILD_DIR}/${FRAMEWORKS_FOLDER_PATH}/AlamofireImage.framework",
			);
			runOnlyForDeploymentPostprocessing = 0;
			shellPath = /bin/sh;
			shellScript = "\"${SRCROOT}/Pods/Target Support Files/Pods-Tumblr/Pods-Tumblr-frameworks.sh\"\n";
			showEnvVarsInLog = 0;
		};
		C60A64A6FB5E6412CB22C71C /* [CP] Check Pods Manifest.lock */ = {
			isa = PBXShellScriptBuildPhase;
			buildActionMask = 2147483647;
			files = (
			);
			inputPaths = (
				"${PODS_PODFILE_DIR_PATH}/Podfile.lock",
				"${PODS_ROOT}/Manifest.lock",
			);
			name = "[CP] Check Pods Manifest.lock";
			outputPaths = (
				"$(DERIVED_FILE_DIR)/Pods-TumblrUITests-checkManifestLockResult.txt",
			);
			runOnlyForDeploymentPostprocessing = 0;
			shellPath = /bin/sh;
			shellScript = "diff \"${PODS_PODFILE_DIR_PATH}/Podfile.lock\" \"${PODS_ROOT}/Manifest.lock\" > /dev/null\nif [ $? != 0 ] ; then\n    # print error to STDERR\n    echo \"error: The sandbox is not in sync with the Podfile.lock. Run 'pod install' or update your CocoaPods installation.\" >&2\n    exit 1\nfi\n# This output is used by Xcode 'outputs' to avoid re-running this script phase.\necho \"SUCCESS\" > \"${SCRIPT_OUTPUT_FILE_0}\"\n";
			showEnvVarsInLog = 0;
		};
		C7EC5650D3BEA7EE456D486E /* [CP] Copy Pods Resources */ = {
			isa = PBXShellScriptBuildPhase;
			buildActionMask = 2147483647;
			files = (
			);
			inputPaths = (
			);
			name = "[CP] Copy Pods Resources";
			outputPaths = (
			);
			runOnlyForDeploymentPostprocessing = 0;
			shellPath = /bin/sh;
			shellScript = "\"${SRCROOT}/Pods/Target Support Files/Pods-TumblrTests/Pods-TumblrTests-resources.sh\"\n";
			showEnvVarsInLog = 0;
		};
/* End PBXShellScriptBuildPhase section */

/* Begin PBXSourcesBuildPhase section */
		7DBC2F24201D35DE008F6A30 /* Sources */ = {
			isa = PBXSourcesBuildPhase;
			buildActionMask = 2147483647;
			files = (
				7DBC2F2C201D35DE008F6A30 /* AppDelegate.swift in Sources */,
				7DBC2F5C201D4BFB008F6A30 /* PhotoCell.swift in Sources */,
				7DBC2F5A201D3F2D008F6A30 /* PhotosViewController.swift in Sources */,
			);
			runOnlyForDeploymentPostprocessing = 0;
		};
		7DBC2F38201D35DE008F6A30 /* Sources */ = {
			isa = PBXSourcesBuildPhase;
			buildActionMask = 2147483647;
			files = (
				7DBC2F41201D35DE008F6A30 /* TumblrTests.swift in Sources */,
			);
			runOnlyForDeploymentPostprocessing = 0;
		};
		7DBC2F43201D35DE008F6A30 /* Sources */ = {
			isa = PBXSourcesBuildPhase;
			buildActionMask = 2147483647;
			files = (
				7DBC2F4C201D35DE008F6A30 /* TumblrUITests.swift in Sources */,
			);
			runOnlyForDeploymentPostprocessing = 0;
		};
/* End PBXSourcesBuildPhase section */

/* Begin PBXTargetDependency section */
		7DBC2F3E201D35DE008F6A30 /* PBXTargetDependency */ = {
			isa = PBXTargetDependency;
			target = 7DBC2F27201D35DE008F6A30 /* Tumblr */;
			targetProxy = 7DBC2F3D201D35DE008F6A30 /* PBXContainerItemProxy */;
		};
		7DBC2F49201D35DE008F6A30 /* PBXTargetDependency */ = {
			isa = PBXTargetDependency;
			target = 7DBC2F27201D35DE008F6A30 /* Tumblr */;
			targetProxy = 7DBC2F48201D35DE008F6A30 /* PBXContainerItemProxy */;
		};
/* End PBXTargetDependency section */

/* Begin PBXVariantGroup section */
		7DBC2F2F201D35DE008F6A30 /* Main.storyboard */ = {
			isa = PBXVariantGroup;
			children = (
				7DBC2F30201D35DE008F6A30 /* Base */,
			);
			name = Main.storyboard;
			sourceTree = "<group>";
		};
		7DBC2F34201D35DE008F6A30 /* LaunchScreen.storyboard */ = {
			isa = PBXVariantGroup;
			children = (
				7DBC2F35201D35DE008F6A30 /* Base */,
			);
			name = LaunchScreen.storyboard;
			sourceTree = "<group>";
		};
/* End PBXVariantGroup section */

/* Begin XCBuildConfiguration section */
		7DBC2F4E201D35DE008F6A30 /* Debug */ = {
			isa = XCBuildConfiguration;
			buildSettings = {
				ALWAYS_SEARCH_USER_PATHS = NO;
				CLANG_ANALYZER_NONNULL = YES;
				CLANG_ANALYZER_NUMBER_OBJECT_CONVERSION = YES_AGGRESSIVE;
				CLANG_CXX_LANGUAGE_STANDARD = "gnu++14";
				CLANG_CXX_LIBRARY = "libc++";
				CLANG_ENABLE_MODULES = YES;
				CLANG_ENABLE_OBJC_ARC = YES;
				CLANG_WARN_BLOCK_CAPTURE_AUTORELEASING = YES;
				CLANG_WARN_BOOL_CONVERSION = YES;
				CLANG_WARN_COMMA = YES;
				CLANG_WARN_CONSTANT_CONVERSION = YES;
				CLANG_WARN_DIRECT_OBJC_ISA_USAGE = YES_ERROR;
				CLANG_WARN_DOCUMENTATION_COMMENTS = YES;
				CLANG_WARN_EMPTY_BODY = YES;
				CLANG_WARN_ENUM_CONVERSION = YES;
				CLANG_WARN_INFINITE_RECURSION = YES;
				CLANG_WARN_INT_CONVERSION = YES;
				CLANG_WARN_NON_LITERAL_NULL_CONVERSION = YES;
				CLANG_WARN_OBJC_LITERAL_CONVERSION = YES;
				CLANG_WARN_OBJC_ROOT_CLASS = YES_ERROR;
				CLANG_WARN_RANGE_LOOP_ANALYSIS = YES;
				CLANG_WARN_STRICT_PROTOTYPES = YES;
				CLANG_WARN_SUSPICIOUS_MOVE = YES;
				CLANG_WARN_UNGUARDED_AVAILABILITY = YES_AGGRESSIVE;
				CLANG_WARN_UNREACHABLE_CODE = YES;
				CLANG_WARN__DUPLICATE_METHOD_MATCH = YES;
				CODE_SIGN_IDENTITY = "iPhone Developer";
				COPY_PHASE_STRIP = NO;
				DEBUG_INFORMATION_FORMAT = dwarf;
				ENABLE_STRICT_OBJC_MSGSEND = YES;
				ENABLE_TESTABILITY = YES;
				GCC_C_LANGUAGE_STANDARD = gnu11;
				GCC_DYNAMIC_NO_PIC = NO;
				GCC_NO_COMMON_BLOCKS = YES;
				GCC_OPTIMIZATION_LEVEL = 0;
				GCC_PREPROCESSOR_DEFINITIONS = (
					"DEBUG=1",
					"$(inherited)",
				);
				GCC_WARN_64_TO_32_BIT_CONVERSION = YES;
				GCC_WARN_ABOUT_RETURN_TYPE = YES_ERROR;
				GCC_WARN_UNDECLARED_SELECTOR = YES;
				GCC_WARN_UNINITIALIZED_AUTOS = YES_AGGRESSIVE;
				GCC_WARN_UNUSED_FUNCTION = YES;
				GCC_WARN_UNUSED_VARIABLE = YES;
				IPHONEOS_DEPLOYMENT_TARGET = 11.2;
				MTL_ENABLE_DEBUG_INFO = YES;
				ONLY_ACTIVE_ARCH = YES;
				SDKROOT = iphoneos;
				SWIFT_ACTIVE_COMPILATION_CONDITIONS = DEBUG;
				SWIFT_OPTIMIZATION_LEVEL = "-Onone";
			};
			name = Debug;
		};
		7DBC2F4F201D35DE008F6A30 /* Release */ = {
			isa = XCBuildConfiguration;
			buildSettings = {
				ALWAYS_SEARCH_USER_PATHS = NO;
				CLANG_ANALYZER_NONNULL = YES;
				CLANG_ANALYZER_NUMBER_OBJECT_CONVERSION = YES_AGGRESSIVE;
				CLANG_CXX_LANGUAGE_STANDARD = "gnu++14";
				CLANG_CXX_LIBRARY = "libc++";
				CLANG_ENABLE_MODULES = YES;
				CLANG_ENABLE_OBJC_ARC = YES;
				CLANG_WARN_BLOCK_CAPTURE_AUTORELEASING = YES;
				CLANG_WARN_BOOL_CONVERSION = YES;
				CLANG_WARN_COMMA = YES;
				CLANG_WARN_CONSTANT_CONVERSION = YES;
				CLANG_WARN_DIRECT_OBJC_ISA_USAGE = YES_ERROR;
				CLANG_WARN_DOCUMENTATION_COMMENTS = YES;
				CLANG_WARN_EMPTY_BODY = YES;
				CLANG_WARN_ENUM_CONVERSION = YES;
				CLANG_WARN_INFINITE_RECURSION = YES;
				CLANG_WARN_INT_CONVERSION = YES;
				CLANG_WARN_NON_LITERAL_NULL_CONVERSION = YES;
				CLANG_WARN_OBJC_LITERAL_CONVERSION = YES;
				CLANG_WARN_OBJC_ROOT_CLASS = YES_ERROR;
				CLANG_WARN_RANGE_LOOP_ANALYSIS = YES;
				CLANG_WARN_STRICT_PROTOTYPES = YES;
				CLANG_WARN_SUSPICIOUS_MOVE = YES;
				CLANG_WARN_UNGUARDED_AVAILABILITY = YES_AGGRESSIVE;
				CLANG_WARN_UNREACHABLE_CODE = YES;
				CLANG_WARN__DUPLICATE_METHOD_MATCH = YES;
				CODE_SIGN_IDENTITY = "iPhone Developer";
				COPY_PHASE_STRIP = NO;
				DEBUG_INFORMATION_FORMAT = "dwarf-with-dsym";
				ENABLE_NS_ASSERTIONS = NO;
				ENABLE_STRICT_OBJC_MSGSEND = YES;
				GCC_C_LANGUAGE_STANDARD = gnu11;
				GCC_NO_COMMON_BLOCKS = YES;
				GCC_WARN_64_TO_32_BIT_CONVERSION = YES;
				GCC_WARN_ABOUT_RETURN_TYPE = YES_ERROR;
				GCC_WARN_UNDECLARED_SELECTOR = YES;
				GCC_WARN_UNINITIALIZED_AUTOS = YES_AGGRESSIVE;
				GCC_WARN_UNUSED_FUNCTION = YES;
				GCC_WARN_UNUSED_VARIABLE = YES;
				IPHONEOS_DEPLOYMENT_TARGET = 11.2;
				MTL_ENABLE_DEBUG_INFO = NO;
				SDKROOT = iphoneos;
				SWIFT_OPTIMIZATION_LEVEL = "-Owholemodule";
				VALIDATE_PRODUCT = YES;
			};
			name = Release;
		};
		7DBC2F51201D35DE008F6A30 /* Debug */ = {
			isa = XCBuildConfiguration;
			baseConfigurationReference = 14A461F53C880C0E14E5754D /* Pods-Tumblr.debug.xcconfig */;
			buildSettings = {
				ASSETCATALOG_COMPILER_APPICON_NAME = AppIcon;
				CODE_SIGN_STYLE = Automatic;
				INFOPLIST_FILE = Tumblr/Info.plist;
				LD_RUNPATH_SEARCH_PATHS = "$(inherited) @executable_path/Frameworks";
				PRODUCT_BUNDLE_IDENTIFIER = com.codepath.Tumblr;
				PRODUCT_NAME = "$(TARGET_NAME)";
				SWIFT_VERSION = 4.0;
				TARGETED_DEVICE_FAMILY = "1,2";
			};
			name = Debug;
		};
		7DBC2F52201D35DE008F6A30 /* Release */ = {
			isa = XCBuildConfiguration;
			baseConfigurationReference = 3F13FAA5240D7901C803AC5B /* Pods-Tumblr.release.xcconfig */;
			buildSettings = {
				ASSETCATALOG_COMPILER_APPICON_NAME = AppIcon;
				CODE_SIGN_STYLE = Automatic;
				INFOPLIST_FILE = Tumblr/Info.plist;
				LD_RUNPATH_SEARCH_PATHS = "$(inherited) @executable_path/Frameworks";
				PRODUCT_BUNDLE_IDENTIFIER = com.codepath.Tumblr;
				PRODUCT_NAME = "$(TARGET_NAME)";
				SWIFT_VERSION = 4.0;
				TARGETED_DEVICE_FAMILY = "1,2";
			};
			name = Release;
		};
		7DBC2F54201D35DE008F6A30 /* Debug */ = {
			isa = XCBuildConfiguration;
			baseConfigurationReference = 192A41DB0F9685B0B003CC74 /* Pods-TumblrTests.debug.xcconfig */;
			buildSettings = {
				ALWAYS_EMBED_SWIFT_STANDARD_LIBRARIES = YES;
				BUNDLE_LOADER = "$(TEST_HOST)";
				CODE_SIGN_STYLE = Automatic;
				INFOPLIST_FILE = TumblrTests/Info.plist;
				LD_RUNPATH_SEARCH_PATHS = "$(inherited) @executable_path/Frameworks @loader_path/Frameworks";
				PRODUCT_BUNDLE_IDENTIFIER = com.codepath.TumblrTests;
				PRODUCT_NAME = "$(TARGET_NAME)";
				SWIFT_VERSION = 4.0;
				TARGETED_DEVICE_FAMILY = "1,2";
				TEST_HOST = "$(BUILT_PRODUCTS_DIR)/Tumblr.app/Tumblr";
			};
			name = Debug;
		};
		7DBC2F55201D35DE008F6A30 /* Release */ = {
			isa = XCBuildConfiguration;
			baseConfigurationReference = CD1B9FCD2FA9019CB303CC85 /* Pods-TumblrTests.release.xcconfig */;
			buildSettings = {
				ALWAYS_EMBED_SWIFT_STANDARD_LIBRARIES = YES;
				BUNDLE_LOADER = "$(TEST_HOST)";
				CODE_SIGN_STYLE = Automatic;
				INFOPLIST_FILE = TumblrTests/Info.plist;
				LD_RUNPATH_SEARCH_PATHS = "$(inherited) @executable_path/Frameworks @loader_path/Frameworks";
				PRODUCT_BUNDLE_IDENTIFIER = com.codepath.TumblrTests;
				PRODUCT_NAME = "$(TARGET_NAME)";
				SWIFT_VERSION = 4.0;
				TARGETED_DEVICE_FAMILY = "1,2";
				TEST_HOST = "$(BUILT_PRODUCTS_DIR)/Tumblr.app/Tumblr";
			};
			name = Release;
		};
		7DBC2F57201D35DE008F6A30 /* Debug */ = {
			isa = XCBuildConfiguration;
			baseConfigurationReference = B92D02295BEF88289A935C9D /* Pods-TumblrUITests.debug.xcconfig */;
			buildSettings = {
				ALWAYS_EMBED_SWIFT_STANDARD_LIBRARIES = YES;
				CODE_SIGN_STYLE = Automatic;
				INFOPLIST_FILE = TumblrUITests/Info.plist;
				LD_RUNPATH_SEARCH_PATHS = "$(inherited) @executable_path/Frameworks @loader_path/Frameworks";
				PRODUCT_BUNDLE_IDENTIFIER = com.codepath.TumblrUITests;
				PRODUCT_NAME = "$(TARGET_NAME)";
				SWIFT_VERSION = 4.0;
				TARGETED_DEVICE_FAMILY = "1,2";
				TEST_TARGET_NAME = Tumblr;
			};
			name = Debug;
		};
		7DBC2F58201D35DE008F6A30 /* Release */ = {
			isa = XCBuildConfiguration;
			baseConfigurationReference = 01C9F1319DF7C51229C6D1B7 /* Pods-TumblrUITests.release.xcconfig */;
			buildSettings = {
				ALWAYS_EMBED_SWIFT_STANDARD_LIBRARIES = YES;
				CODE_SIGN_STYLE = Automatic;
				INFOPLIST_FILE = TumblrUITests/Info.plist;
				LD_RUNPATH_SEARCH_PATHS = "$(inherited) @executable_path/Frameworks @loader_path/Frameworks";
				PRODUCT_BUNDLE_IDENTIFIER = com.codepath.TumblrUITests;
				PRODUCT_NAME = "$(TARGET_NAME)";
				SWIFT_VERSION = 4.0;
				TARGETED_DEVICE_FAMILY = "1,2";
				TEST_TARGET_NAME = Tumblr;
			};
			name = Release;
		};
/* End XCBuildConfiguration section */

/* Begin XCConfigurationList section */
		7DBC2F23201D35DE008F6A30 /* Build configuration list for PBXProject "Tumblr" */ = {
			isa = XCConfigurationList;
			buildConfigurations = (
				7DBC2F4E201D35DE008F6A30 /* Debug */,
				7DBC2F4F201D35DE008F6A30 /* Release */,
			);
			defaultConfigurationIsVisible = 0;
			defaultConfigurationName = Release;
		};
		7DBC2F50201D35DE008F6A30 /* Build configuration list for PBXNativeTarget "Tumblr" */ = {
			isa = XCConfigurationList;
			buildConfigurations = (
				7DBC2F51201D35DE008F6A30 /* Debug */,
				7DBC2F52201D35DE008F6A30 /* Release */,
			);
			defaultConfigurationIsVisible = 0;
			defaultConfigurationName = Release;
		};
		7DBC2F53201D35DE008F6A30 /* Build configuration list for PBXNativeTarget "TumblrTests" */ = {
			isa = XCConfigurationList;
			buildConfigurations = (
				7DBC2F54201D35DE008F6A30 /* Debug */,
				7DBC2F55201D35DE008F6A30 /* Release */,
			);
			defaultConfigurationIsVisible = 0;
			defaultConfigurationName = Release;
		};
		7DBC2F56201D35DE008F6A30 /* Build configuration list for PBXNativeTarget "TumblrUITests" */ = {
			isa = XCConfigurationList;
			buildConfigurations = (
				7DBC2F57201D35DE008F6A30 /* Debug */,
				7DBC2F58201D35DE008F6A30 /* Release */,
			);
			defaultConfigurationIsVisible = 0;
			defaultConfigurationName = Release;
		};
/* End XCConfigurationList section */
	};
	rootObject = 7DBC2F20201D35DE008F6A30 /* Project object */;
}
