// !$*UTF8*$!
{
	archiveVersion = 1;
	classes = {
	};
	objectVersion = 48;
	objects = {

/* Begin PBXBuildFile section */
		7DBC2F2C201D35DE008F6A30 /* AppDelegate.swift in Sources */ = {isa = PBXBuildFile; fileRef = 7DBC2F2B201D35DE008F6A30 /* AppDelegate.swift */; };
		7DBC2F2E201D35DE008F6A30 /* ViewController.swift in Sources */ = {isa = PBXBuildFile; fileRef = 7DBC2F2D201D35DE008F6A30 /* ViewController.swift */; };
		7DBC2F31201D35DE008F6A30 /* Main.storyboard in Resources */ = {isa = PBXBuildFile; fileRef = 7DBC2F2F201D35DE008F6A30 /* Main.storyboard */; };
		7DBC2F33201D35DE008F6A30 /* Assets.xcassets in Resources */ = {isa = PBXBuildFile; fileRef = 7DBC2F32201D35DE008F6A30 /* Assets.xcassets */; };
		7DBC2F36201D35DE008F6A30 /* LaunchScreen.storyboard in Resources */ = {isa = PBXBuildFile; fileRef = 7DBC2F34201D35DE008F6A30 /* LaunchScreen.storyboard */; };
		7DBC2F41201D35DE008F6A30 /* TumblrTests.swift in Sources */ = {isa = PBXBuildFile; fileRef = 7DBC2F40201D35DE008F6A30 /* TumblrTests.swift */; };
		7DBC2F4C201D35DE008F6A30 /* TumblrUITests.swift in Sources */ = {isa = PBXBuildFile; fileRef = 7DBC2F4B201D35DE008F6A30 /* TumblrUITests.swift */; };
/* End PBXBuildFile section */

/* Begin PBXContainerItemProxy section */
		7DBC2F3D201D35DE008F6A30 /* PBXContainerItemProxy */ = {
			isa = PBXContainerItemProxy;
			containerPortal = 7DBC2F20201D35DE008F6A30 /* Project object */;
			proxyType = 1;
			remoteGlobalIDString = 7DBC2F27201D35DE008F6A30;
			remoteInfo = Tumblr;
		};
		7DBC2F48201D35DE008F6A30 /* PBXContainerItemProxy */ = {
			isa = PBXContainerItemProxy;
			containerPortal = 7DBC2F20201D35DE008F6A30 /* Project object */;
			proxyType = 1;
			remoteGlobalIDString = 7DBC2F27201D35DE008F6A30;
			remoteInfo = Tumblr;
		};
/* End PBXContainerItemProxy section */

/* Begin PBXFileReference section */
		7DBC2F28201D35DE008F6A30 /* Tumblr.app */ = {isa = PBXFileReference; explicitFileType = wrapper.application; includeInIndex = 0; path = Tumblr.app; sourceTree = BUILT_PRODUCTS_DIR; };
		7DBC2F2B201D35DE008F6A30 /* AppDelegate.swift */ = {isa = PBXFileReference; lastKnownFileType = sourcecode.swift; path = AppDelegate.swift; sourceTree = "<group>"; };
		7DBC2F2D201D35DE008F6A30 /* ViewController.swift */ = {isa = PBXFileReference; lastKnownFileType = sourcecode.swift; path = ViewController.swift; sourceTree = "<group>"; };
		7DBC2F30201D35DE008F6A30 /* Base */ = {isa = PBXFileReference; lastKnownFileType = file.storyboard; name = Base; path = Base.lproj/Main.storyboard; sourceTree = "<group>"; };
		7DBC2F32201D35DE008F6A30 /* Assets.xcassets */ = {isa = PBXFileReference; lastKnownFileType = folder.assetcatalog; path = Assets.xcassets; sourceTree = "<group>"; };
		7DBC2F35201D35DE008F6A30 /* Base */ = {isa = PBXFileReference; lastKnownFileType = file.storyboard; name = Base; path = Base.lproj/LaunchScreen.storyboard; sourceTree = "<group>"; };
		7DBC2F37201D35DE008F6A30 /* Info.plist */ = {isa = PBXFileReference; lastKnownFileType = text.plist.xml; path = Info.plist; sourceTree = "<group>"; };
		7DBC2F3C201D35DE008F6A30 /* TumblrTests.xctest */ = {isa = PBXFileReference; explicitFileType = wrapper.cfbundle; includeInIndex = 0; path = TumblrTests.xctest; sourceTree = BUILT_PRODUCTS_DIR; };
		7DBC2F40201D35DE008F6A30 /* TumblrTests.swift */ = {isa = PBXFileReference; lastKnownFileType = sourcecode.swift; path = TumblrTests.swift; sourceTree = "<group>"; };
		7DBC2F42201D35DE008F6A30 /* Info.plist */ = {isa = PBXFileReference; lastKnownFileType = text.plist.xml; path = Info.plist; sourceTree = "<group>"; };
		7DBC2F47201D35DE008F6A30 /* TumblrUITests.xctest */ = {isa = PBXFileReference; explicitFileType = wrapper.cfbundle; includeInIndex = 0; path = TumblrUITests.xctest; sourceTree = BUILT_PRODUCTS_DIR; };
		7DBC2F4B201D35DE008F6A30 /* TumblrUITests.swift */ = {isa = PBXFileReference; lastKnownFileType = sourcecode.swift; path = TumblrUITests.swift; sourceTree = "<group>"; };
		7DBC2F4D201D35DE008F6A30 /* Info.plist */ = {isa = PBXFileReference; lastKnownFileType = text.plist.xml; path = Info.plist; sourceTree = "<group>"; };
/* End PBXFileReference section */

/* Begin PBXFrameworksBuildPhase section */
		7DBC2F25201D35DE008F6A30 /* Frameworks */ = {
			isa = PBXFrameworksBuildPhase;
			buildActionMask = 2147483647;
			files = (
			);
			runOnlyForDeploymentPostprocessing = 0;
		};
		7DBC2F39201D35DE008F6A30 /* Frameworks */ = {
			isa = PBXFrameworksBuildPhase;
			buildActionMask = 2147483647;
			files = (
			);
			runOnlyForDeploymentPostprocessing = 0;
		};
		7DBC2F44201D35DE008F6A30 /* Frameworks */ = {
			isa = PBXFrameworksBuildPhase;
			buildActionMask = 2147483647;
			files = (
			);
			runOnlyForDeploymentPostprocessing = 0;
		};
/* End PBXFrameworksBuildPhase section */

/* Begin PBXGroup section */
		7DBC2F1F201D35DE008F6A30 = {
			isa = PBXGroup;
			children = (
				7DBC2F2A201D35DE008F6A30 /* Tumblr */,
				7DBC2F3F201D35DE008F6A30 /* TumblrTests */,
				7DBC2F4A201D35DE008F6A30 /* TumblrUITests */,
				7DBC2F29201D35DE008F6A30 /* Products */,
			);
			sourceTree = "<group>";
		};
		7DBC2F29201D35DE008F6A30 /* Products */ = {
			isa = PBXGroup;
			children = (
				7DBC2F28201D35DE008F6A30 /* Tumblr.app */,
				7DBC2F3C201D35DE008F6A30 /* TumblrTests.xctest */,
				7DBC2F47201D35DE008F6A30 /* TumblrUITests.xctest */,
			);
			name = Products;
			sourceTree = "<group>";
		};
		7DBC2F2A201D35DE008F6A30 /* Tumblr */ = {
			isa = PBXGroup;
			children = (
				7DBC2F2B201D35DE008F6A30 /* AppDelegate.swift */,
				7DBC2F2D201D35DE008F6A30 /* ViewController.swift */,
				7DBC2F2F201D35DE008F6A30 /* Main.storyboard */,
				7DBC2F32201D35DE008F6A30 /* Assets.xcassets */,
				7DBC2F34201D35DE008F6A30 /* LaunchScreen.storyboard */,
				7DBC2F37201D35DE008F6A30 /* Info.plist */,
			);
			path = Tumblr;
			sourceTree = "<group>";
		};
		7DBC2F3F201D35DE008F6A30 /* TumblrTests */ = {
			isa = PBXGroup;
			children = (
				7DBC2F40201D35DE008F6A30 /* TumblrTests.swift */,
				7DBC2F42201D35DE008F6A30 /* Info.plist */,
			);
			path = TumblrTests;
			sourceTree = "<group>";
		};
		7DBC2F4A201D35DE008F6A30 /* TumblrUITests */ = {
			isa = PBXGroup;
			children = (
				7DBC2F4B201D35DE008F6A30 /* TumblrUITests.swift */,
				7DBC2F4D201D35DE008F6A30 /* Info.plist */,
			);
			path = TumblrUITests;
			sourceTree = "<group>";
		};
/* End PBXGroup section */

/* Begin PBXNativeTarget section */
		7DBC2F27201D35DE008F6A30 /* Tumblr */ = {
			isa = PBXNativeTarget;
			buildConfigurationList = 7DBC2F50201D35DE008F6A30 /* Build configuration list for PBXNativeTarget "Tumblr" */;
			buildPhases = (
				7DBC2F24201D35DE008F6A30 /* Sources */,
				7DBC2F25201D35DE008F6A30 /* Frameworks */,
				7DBC2F26201D35DE008F6A30 /* Resources */,
			);
			buildRules = (
			);
			dependencies = (
			);
			name = Tumblr;
			productName = Tumblr;
			productReference = 7DBC2F28201D35DE008F6A30 /* Tumblr.app */;
			productType = "com.apple.product-type.application";
		};
		7DBC2F3B201D35DE008F6A30 /* TumblrTests */ = {
			isa = PBXNativeTarget;
			buildConfigurationList = 7DBC2F53201D35DE008F6A30 /* Build configuration list for PBXNativeTarget "TumblrTests" */;
			buildPhases = (
				7DBC2F38201D35DE008F6A30 /* Sources */,
				7DBC2F39201D35DE008F6A30 /* Frameworks */,
				7DBC2F3A201D35DE008F6A30 /* Resources */,
			);
			buildRules = (
			);
			dependencies = (
				7DBC2F3E201D35DE008F6A30 /* PBXTargetDependency */,
			);
			name = TumblrTests;
			productName = TumblrTests;
			productReference = 7DBC2F3C201D35DE008F6A30 /* TumblrTests.xctest */;
			productType = "com.apple.product-type.bundle.unit-test";
		};
		7DBC2F46201D35DE008F6A30 /* TumblrUITests */ = {
			isa = PBXNativeTarget;
			buildConfigurationList = 7DBC2F56201D35DE008F6A30 /* Build configuration list for PBXNativeTarget "TumblrUITests" */;
			buildPhases = (
				7DBC2F43201D35DE008F6A30 /* Sources */,
				7DBC2F44201D35DE008F6A30 /* Frameworks */,
				7DBC2F45201D35DE008F6A30 /* Resources */,
			);
			buildRules = (
			);
			dependencies = (
				7DBC2F49201D35DE008F6A30 /* PBXTargetDependency */,
			);
			name = TumblrUITests;
			productName = TumblrUITests;
			productReference = 7DBC2F47201D35DE008F6A30 /* TumblrUITests.xctest */;
			productType = "com.apple.product-type.bundle.ui-testing";
		};
/* End PBXNativeTarget section */

/* Begin PBXProject section */
		7DBC2F20201D35DE008F6A30 /* Project object */ = {
			isa = PBXProject;
			attributes = {
				LastSwiftUpdateCheck = 0920;
				LastUpgradeCheck = 0920;
				ORGANIZATIONNAME = "Pranaya Adhikari";
				TargetAttributes = {
					7DBC2F27201D35DE008F6A30 = {
						CreatedOnToolsVersion = 9.2;
						ProvisioningStyle = Automatic;
					};
					7DBC2F3B201D35DE008F6A30 = {
						CreatedOnToolsVersion = 9.2;
						ProvisioningStyle = Automatic;
						TestTargetID = 7DBC2F27201D35DE008F6A30;
					};
					7DBC2F46201D35DE008F6A30 = {
						CreatedOnToolsVersion = 9.2;
						ProvisioningStyle = Automatic;
						TestTargetID = 7DBC2F27201D35DE008F6A30;
					};
				};
			};
			buildConfigurationList = 7DBC2F23201D35DE008F6A30 /* Build configuration list for PBXProject "Tumblr" */;
			compatibilityVersion = "Xcode 8.0";
			developmentRegion = en;
			hasScannedForEncodings = 0;
			knownRegions = (
				en,
				Base,
			);
			mainGroup = 7DBC2F1F201D35DE008F6A30;
			productRefGroup = 7DBC2F29201D35DE008F6A30 /* Products */;
			projectDirPath = "";
			projectRoot = "";
			targets = (
				7DBC2F27201D35DE008F6A30 /* Tumblr */,
				7DBC2F3B201D35DE008F6A30 /* TumblrTests */,
				7DBC2F46201D35DE008F6A30 /* TumblrUITests */,
			);
		};
/* End PBXProject section */

/* Begin PBXResourcesBuildPhase section */
		7DBC2F26201D35DE008F6A30 /* Resources */ = {
			isa = PBXResourcesBuildPhase;
			buildActionMask = 2147483647;
			files = (
				7DBC2F36201D35DE008F6A30 /* LaunchScreen.storyboard in Resources */,
				7DBC2F33201D35DE008F6A30 /* Assets.xcassets in Resources */,
				7DBC2F31201D35DE008F6A30 /* Main.storyboard in Resources */,
			);
			runOnlyForDeploymentPostprocessing = 0;
		};
		7DBC2F3A201D35DE008F6A30 /* Resources */ = {
			isa = PBXResourcesBuildPhase;
			buildActionMask = 2147483647;
			files = (
			);
			runOnlyForDeploymentPostprocessing = 0;
		};
		7DBC2F45201D35DE008F6A30 /* Resources */ = {
			isa = PBXResourcesBuildPhase;
			buildActionMask = 2147483647;
			files = (
			);
			runOnlyForDeploymentPostprocessing = 0;
		};
/* End PBXResourcesBuildPhase section */

/* Begin PBXSourcesBuildPhase section */
		7DBC2F24201D35DE008F6A30 /* Sources */ = {
			isa = PBXSourcesBuildPhase;
			buildActionMask = 2147483647;
			files = (
				7DBC2F2E201D35DE008F6A30 /* ViewController.swift in Sources */,
				7DBC2F2C201D35DE008F6A30 /* AppDelegate.swift in Sources */,
			);
			runOnlyForDeploymentPostprocessing = 0;
		};
		7DBC2F38201D35DE008F6A30 /* Sources */ = {
			isa = PBXSourcesBuildPhase;
			buildActionMask = 2147483647;
			files = (
				7DBC2F41201D35DE008F6A30 /* TumblrTests.swift in Sources */,
			);
			runOnlyForDeploymentPostprocessing = 0;
		};
		7DBC2F43201D35DE008F6A30 /* Sources */ = {
			isa = PBXSourcesBuildPhase;
			buildActionMask = 2147483647;
			files = (
				7DBC2F4C201D35DE008F6A30 /* TumblrUITests.swift in Sources */,
			);
			runOnlyForDeploymentPostprocessing = 0;
		};
/* End PBXSourcesBuildPhase section */

/* Begin PBXTargetDependency section */
		7DBC2F3E201D35DE008F6A30 /* PBXTargetDependency */ = {
			isa = PBXTargetDependency;
			target = 7DBC2F27201D35DE008F6A30 /* Tumblr */;
			targetProxy = 7DBC2F3D201D35DE008F6A30 /* PBXContainerItemProxy */;
		};
		7DBC2F49201D35DE008F6A30 /* PBXTargetDependency */ = {
			isa = PBXTargetDependency;
			target = 7DBC2F27201D35DE008F6A30 /* Tumblr */;
			targetProxy = 7DBC2F48201D35DE008F6A30 /* PBXContainerItemProxy */;
		};
/* End PBXTargetDependency section */

/* Begin PBXVariantGroup section */
		7DBC2F2F201D35DE008F6A30 /* Main.storyboard */ = {
			isa = PBXVariantGroup;
			children = (
				7DBC2F30201D35DE008F6A30 /* Base */,
			);
			name = Main.storyboard;
			sourceTree = "<group>";
		};
		7DBC2F34201D35DE008F6A30 /* LaunchScreen.storyboard */ = {
			isa = PBXVariantGroup;
			children = (
				7DBC2F35201D35DE008F6A30 /* Base */,
			);
			name = LaunchScreen.storyboard;
			sourceTree = "<group>";
		};
/* End PBXVariantGroup section */

/* Begin XCBuildConfiguration section */
		7DBC2F4E201D35DE008F6A30 /* Debug */ = {
			isa = XCBuildConfiguration;
			buildSettings = {
				ALWAYS_SEARCH_USER_PATHS = NO;
				CLANG_ANALYZER_NONNULL = YES;
				CLANG_ANALYZER_NUMBER_OBJECT_CONVERSION = YES_AGGRESSIVE;
				CLANG_CXX_LANGUAGE_STANDARD = "gnu++14";
				CLANG_CXX_LIBRARY = "libc++";
				CLANG_ENABLE_MODULES = YES;
				CLANG_ENABLE_OBJC_ARC = YES;
				CLANG_WARN_BLOCK_CAPTURE_AUTORELEASING = YES;
				CLANG_WARN_BOOL_CONVERSION = YES;
				CLANG_WARN_COMMA = YES;
				CLANG_WARN_CONSTANT_CONVERSION = YES;
				CLANG_WARN_DIRECT_OBJC_ISA_USAGE = YES_ERROR;
				CLANG_WARN_DOCUMENTATION_COMMENTS = YES;
				CLANG_WARN_EMPTY_BODY = YES;
				CLANG_WARN_ENUM_CONVERSION = YES;
				CLANG_WARN_INFINITE_RECURSION = YES;
				CLANG_WARN_INT_CONVERSION = YES;
				CLANG_WARN_NON_LITERAL_NULL_CONVERSION = YES;
				CLANG_WARN_OBJC_LITERAL_CONVERSION = YES;
				CLANG_WARN_OBJC_ROOT_CLASS = YES_ERROR;
				CLANG_WARN_RANGE_LOOP_ANALYSIS = YES;
				CLANG_WARN_STRICT_PROTOTYPES = YES;
				CLANG_WARN_SUSPICIOUS_MOVE = YES;
				CLANG_WARN_UNGUARDED_AVAILABILITY = YES_AGGRESSIVE;
				CLANG_WARN_UNREACHABLE_CODE = YES;
				CLANG_WARN__DUPLICATE_METHOD_MATCH = YES;
				CODE_SIGN_IDENTITY = "iPhone Developer";
				COPY_PHASE_STRIP = NO;
				DEBUG_INFORMATION_FORMAT = dwarf;
				ENABLE_STRICT_OBJC_MSGSEND = YES;
				ENABLE_TESTABILITY = YES;
				GCC_C_LANGUAGE_STANDARD = gnu11;
				GCC_DYNAMIC_NO_PIC = NO;
				GCC_NO_COMMON_BLOCKS = YES;
				GCC_OPTIMIZATION_LEVEL = 0;
				GCC_PREPROCESSOR_DEFINITIONS = (
					"DEBUG=1",
					"$(inherited)",
				);
				GCC_WARN_64_TO_32_BIT_CONVERSION = YES;
				GCC_WARN_ABOUT_RETURN_TYPE = YES_ERROR;
				GCC_WARN_UNDECLARED_SELECTOR = YES;
				GCC_WARN_UNINITIALIZED_AUTOS = YES_AGGRESSIVE;
				GCC_WARN_UNUSED_FUNCTION = YES;
				GCC_WARN_UNUSED_VARIABLE = YES;
				IPHONEOS_DEPLOYMENT_TARGET = 11.2;
				MTL_ENABLE_DEBUG_INFO = YES;
				ONLY_ACTIVE_ARCH = YES;
				SDKROOT = iphoneos;
				SWIFT_ACTIVE_COMPILATION_CONDITIONS = DEBUG;
				SWIFT_OPTIMIZATION_LEVEL = "-Onone";
			};
			name = Debug;
		};
		7DBC2F4F201D35DE008F6A30 /* Release */ = {
			isa = XCBuildConfiguration;
			buildSettings = {
				ALWAYS_SEARCH_USER_PATHS = NO;
				CLANG_ANALYZER_NONNULL = YES;
				CLANG_ANALYZER_NUMBER_OBJECT_CONVERSION = YES_AGGRESSIVE;
				CLANG_CXX_LANGUAGE_STANDARD = "gnu++14";
				CLANG_CXX_LIBRARY = "libc++";
				CLANG_ENABLE_MODULES = YES;
				CLANG_ENABLE_OBJC_ARC = YES;
				CLANG_WARN_BLOCK_CAPTURE_AUTORELEASING = YES;
				CLANG_WARN_BOOL_CONVERSION = YES;
				CLANG_WARN_COMMA = YES;
				CLANG_WARN_CONSTANT_CONVERSION = YES;
				CLANG_WARN_DIRECT_OBJC_ISA_USAGE = YES_ERROR;
				CLANG_WARN_DOCUMENTATION_COMMENTS = YES;
				CLANG_WARN_EMPTY_BODY = YES;
				CLANG_WARN_ENUM_CONVERSION = YES;
				CLANG_WARN_INFINITE_RECURSION = YES;
				CLANG_WARN_INT_CONVERSION = YES;
				CLANG_WARN_NON_LITERAL_NULL_CONVERSION = YES;
				CLANG_WARN_OBJC_LITERAL_CONVERSION = YES;
				CLANG_WARN_OBJC_ROOT_CLASS = YES_ERROR;
				CLANG_WARN_RANGE_LOOP_ANALYSIS = YES;
				CLANG_WARN_STRICT_PROTOTYPES = YES;
				CLANG_WARN_SUSPICIOUS_MOVE = YES;
				CLANG_WARN_UNGUARDED_AVAILABILITY = YES_AGGRESSIVE;
				CLANG_WARN_UNREACHABLE_CODE = YES;
				CLANG_WARN__DUPLICATE_METHOD_MATCH = YES;
				CODE_SIGN_IDENTITY = "iPhone Developer";
				COPY_PHASE_STRIP = NO;
				DEBUG_INFORMATION_FORMAT = "dwarf-with-dsym";
				ENABLE_NS_ASSERTIONS = NO;
				ENABLE_STRICT_OBJC_MSGSEND = YES;
				GCC_C_LANGUAGE_STANDARD = gnu11;
				GCC_NO_COMMON_BLOCKS = YES;
				GCC_WARN_64_TO_32_BIT_CONVERSION = YES;
				GCC_WARN_ABOUT_RETURN_TYPE = YES_ERROR;
				GCC_WARN_UNDECLARED_SELECTOR = YES;
				GCC_WARN_UNINITIALIZED_AUTOS = YES_AGGRESSIVE;
				GCC_WARN_UNUSED_FUNCTION = YES;
				GCC_WARN_UNUSED_VARIABLE = YES;
				IPHONEOS_DEPLOYMENT_TARGET = 11.2;
				MTL_ENABLE_DEBUG_INFO = NO;
				SDKROOT = iphoneos;
				SWIFT_OPTIMIZATION_LEVEL = "-Owholemodule";
				VALIDATE_PRODUCT = YES;
			};
			name = Release;
		};
		7DBC2F51201D35DE008F6A30 /* Debug */ = {
			isa = XCBuildConfiguration;
			buildSettings = {
				ASSETCATALOG_COMPILER_APPICON_NAME = AppIcon;
				CODE_SIGN_STYLE = Automatic;
				INFOPLIST_FILE = Tumblr/Info.plist;
				LD_RUNPATH_SEARCH_PATHS = "$(inherited) @executable_path/Frameworks";
				PRODUCT_BUNDLE_IDENTIFIER = com.codepath.Tumblr;
				PRODUCT_NAME = "$(TARGET_NAME)";
				SWIFT_VERSION = 4.0;
				TARGETED_DEVICE_FAMILY = "1,2";
			};
			name = Debug;
		};
		7DBC2F52201D35DE008F6A30 /* Release */ = {
			isa = XCBuildConfiguration;
			buildSettings = {
				ASSETCATALOG_COMPILER_APPICON_NAME = AppIcon;
				CODE_SIGN_STYLE = Automatic;
				INFOPLIST_FILE = Tumblr/Info.plist;
				LD_RUNPATH_SEARCH_PATHS = "$(inherited) @executable_path/Frameworks";
				PRODUCT_BUNDLE_IDENTIFIER = com.codepath.Tumblr;
				PRODUCT_NAME = "$(TARGET_NAME)";
				SWIFT_VERSION = 4.0;
				TARGETED_DEVICE_FAMILY = "1,2";
			};
			name = Release;
		};
		7DBC2F54201D35DE008F6A30 /* Debug */ = {
			isa = XCBuildConfiguration;
			buildSettings = {
				ALWAYS_EMBED_SWIFT_STANDARD_LIBRARIES = YES;
				BUNDLE_LOADER = "$(TEST_HOST)";
				CODE_SIGN_STYLE = Automatic;
				INFOPLIST_FILE = TumblrTests/Info.plist;
				LD_RUNPATH_SEARCH_PATHS = "$(inherited) @executable_path/Frameworks @loader_path/Frameworks";
				PRODUCT_BUNDLE_IDENTIFIER = com.codepath.TumblrTests;
				PRODUCT_NAME = "$(TARGET_NAME)";
				SWIFT_VERSION = 4.0;
				TARGETED_DEVICE_FAMILY = "1,2";
				TEST_HOST = "$(BUILT_PRODUCTS_DIR)/Tumblr.app/Tumblr";
			};
			name = Debug;
		};
		7DBC2F55201D35DE008F6A30 /* Release */ = {
			isa = XCBuildConfiguration;
			buildSettings = {
				ALWAYS_EMBED_SWIFT_STANDARD_LIBRARIES = YES;
				BUNDLE_LOADER = "$(TEST_HOST)";
				CODE_SIGN_STYLE = Automatic;
				INFOPLIST_FILE = TumblrTests/Info.plist;
				LD_RUNPATH_SEARCH_PATHS = "$(inherited) @executable_path/Frameworks @loader_path/Frameworks";
				PRODUCT_BUNDLE_IDENTIFIER = com.codepath.TumblrTests;
				PRODUCT_NAME = "$(TARGET_NAME)";
				SWIFT_VERSION = 4.0;
				TARGETED_DEVICE_FAMILY = "1,2";
				TEST_HOST = "$(BUILT_PRODUCTS_DIR)/Tumblr.app/Tumblr";
			};
			name = Release;
		};
		7DBC2F57201D35DE008F6A30 /* Debug */ = {
			isa = XCBuildConfiguration;
			buildSettings = {
				ALWAYS_EMBED_SWIFT_STANDARD_LIBRARIES = YES;
				CODE_SIGN_STYLE = Automatic;
				INFOPLIST_FILE = TumblrUITests/Info.plist;
				LD_RUNPATH_SEARCH_PATHS = "$(inherited) @executable_path/Frameworks @loader_path/Frameworks";
				PRODUCT_BUNDLE_IDENTIFIER = com.codepath.TumblrUITests;
				PRODUCT_NAME = "$(TARGET_NAME)";
				SWIFT_VERSION = 4.0;
				TARGETED_DEVICE_FAMILY = "1,2";
				TEST_TARGET_NAME = Tumblr;
			};
			name = Debug;
		};
		7DBC2F58201D35DE008F6A30 /* Release */ = {
			isa = XCBuildConfiguration;
			buildSettings = {
				ALWAYS_EMBED_SWIFT_STANDARD_LIBRARIES = YES;
				CODE_SIGN_STYLE = Automatic;
				INFOPLIST_FILE = TumblrUITests/Info.plist;
				LD_RUNPATH_SEARCH_PATHS = "$(inherited) @executable_path/Frameworks @loader_path/Frameworks";
				PRODUCT_BUNDLE_IDENTIFIER = com.codepath.TumblrUITests;
				PRODUCT_NAME = "$(TARGET_NAME)";
				SWIFT_VERSION = 4.0;
				TARGETED_DEVICE_FAMILY = "1,2";
				TEST_TARGET_NAME = Tumblr;
			};
			name = Release;
		};
/* End XCBuildConfiguration section */

/* Begin XCConfigurationList section */
		7DBC2F23201D35DE008F6A30 /* Build configuration list for PBXProject "Tumblr" */ = {
			isa = XCConfigurationList;
			buildConfigurations = (
				7DBC2F4E201D35DE008F6A30 /* Debug */,
				7DBC2F4F201D35DE008F6A30 /* Release */,
			);
			defaultConfigurationIsVisible = 0;
			defaultConfigurationName = Release;
		};
		7DBC2F50201D35DE008F6A30 /* Build configuration list for PBXNativeTarget "Tumblr" */ = {
			isa = XCConfigurationList;
			buildConfigurations = (
				7DBC2F51201D35DE008F6A30 /* Debug */,
				7DBC2F52201D35DE008F6A30 /* Release */,
			);
			defaultConfigurationIsVisible = 0;
			defaultConfigurationName = Release;
		};
		7DBC2F53201D35DE008F6A30 /* Build configuration list for PBXNativeTarget "TumblrTests" */ = {
			isa = XCConfigurationList;
			buildConfigurations = (
				7DBC2F54201D35DE008F6A30 /* Debug */,
				7DBC2F55201D35DE008F6A30 /* Release */,
			);
			defaultConfigurationIsVisible = 0;
			defaultConfigurationName = Release;
		};
		7DBC2F56201D35DE008F6A30 /* Build configuration list for PBXNativeTarget "TumblrUITests" */ = {
			isa = XCConfigurationList;
			buildConfigurations = (
				7DBC2F57201D35DE008F6A30 /* Debug */,
				7DBC2F58201D35DE008F6A30 /* Release */,
			);
			defaultConfigurationIsVisible = 0;
			defaultConfigurationName = Release;
		};
/* End XCConfigurationList section */
	};
	rootObject = 7DBC2F20201D35DE008F6A30 /* Project object */;
}
